
Microsoft Visual Studio Solution File, Format Version 12.00
# Visual Studio Version 17
VisualStudioVersion = 17.14.36109.1 d17.14
MinimumVisualStudioVersion = 10.0.40219.1
Project("{FAE04EC0-301F-11D3-BF4B-00C04F79EFBC}") = "MiddlewareTool", "MiddlewareTool\MiddlewareTool.csproj", "{18715AA9-0FF1-4B4D-9485-57B82DEA5991}"
EndProject
Project("{FAE04EC0-301F-11D3-BF4B-00C04F79EFBC}") = "MiddlewareTool.Entities", "MiddlewareTool.Entities\MiddlewareTool.Entities.csproj", "{D2119821-88DD-4C7F-8204-967CC965483E}"
EndProject
Global
	GlobalSection(SolutionConfigurationPlatforms) = preSolution
		Debug|Any CPU = Debug|Any CPU
		Release|Any CPU = Release|Any CPU
	EndGlobalSection
	GlobalSection(ProjectConfigurationPlatforms) = postSolution
		{18715AA9-0FF1-4B4D-9485-57B82DEA5991}.Debug|Any CPU.ActiveCfg = Debug|Any CPU
		{18715AA9-0FF1-4B4D-9485-57B82DEA5991}.Debug|Any CPU.Build.0 = Debug|Any CPU
		{18715AA9-0FF1-4B4D-9485-57B82DEA5991}.Release|Any CPU.ActiveCfg = Release|Any CPU
		{18715AA9-0FF1-4B4D-9485-57B82DEA5991}.Release|Any CPU.Build.0 = Release|Any CPU
		{D2119821-88DD-4C7F-8204-967CC965483E}.Debug|Any CPU.ActiveCfg = Debug|Any CPU
		{D2119821-88DD-4C7F-8204-967CC965483E}.Debug|Any CPU.Build.0 = Debug|Any CPU
		{D2119821-88DD-4C7F-8204-967CC965483E}.Release|Any CPU.ActiveCfg = Release|Any CPU
		{D2119821-88DD-4C7F-8204-967CC965483E}.Release|Any CPU.Build.0 = Release|Any CPU
	EndGlobalSection
	GlobalSection(SolutionProperties) = preSolution
		HideSolutionNode = FALSE
	EndGlobalSection
	GlobalSection(ExtensibilityGlobals) = postSolution
		SolutionGuid = {75DD0396-B567-4D2B-9260-60796BAFE601}
	EndGlobalSection
EndGlobal
