
Microsoft Visual Studio Solution File, Format Version 12.00
# Visual Studio Version 17
VisualStudioVersion = 17.14.36109.1 d17.14
MinimumVisualStudioVersion = 10.0.40219.1
Project("{FAE04EC0-301F-11D3-BF4B-00C04F79EFBC}") = "MW", "MW.csproj", "{82DF93C9-0EE9-4C94-97E7-D070CEA04034}"
EndProject
Global
	GlobalSection(SolutionConfigurationPlatforms) = preSolution
		Debug|Any CPU = Debug|Any CPU
		Release|Any CPU = Release|Any CPU
	EndGlobalSection
	GlobalSection(ProjectConfigurationPlatforms) = postSolution
		{82DF93C9-0EE9-4C94-97E7-D070CEA04034}.Debug|Any CPU.ActiveCfg = Debug|Any CPU
		{82DF93C9-0EE9-4C94-97E7-D070CEA04034}.Debug|Any CPU.Build.0 = Debug|Any CPU
		{82DF93C9-0EE9-4C94-97E7-D070CEA04034}.Release|Any CPU.ActiveCfg = Release|Any CPU
		{82DF93C9-0EE9-4C94-97E7-D070CEA04034}.Release|Any CPU.Build.0 = Release|Any CPU
	EndGlobalSection
	GlobalSection(SolutionProperties) = preSolution
		HideSolutionNode = FALSE
	EndGlobalSection
	GlobalSection(ExtensibilityGlobals) = postSolution
		SolutionGuid = {C3DEE9FA-FA98-4F99-9296-5BE311A4D39B}
	EndGlobalSection
EndGlobal
